github.com/atselvan/go-utils v1.0.4 h1:d336cTbPblXDunB76wthyVl8ZtR98mRZ/Evv6syOUFc=
github.com/atselvan/go-utils v1.0.4/go.mod h1:QXn9ssQOBpnVWMqmaTAT1QAiHxt5xsPMh0uBEJfrFoQ=
github.com/lib/pq v1.2.0 h1:LXpIM/LZ5xGFhOpXAQUIMM1HdyqzVYM13zNdjCEEcA0=
github.com/lib/pq v1.2.0/go.mod h1:5WUZQaWbwv1U+lTReE5YruASi9Al49XbQIvNi/34Woo=
